
Microsoft Visual Studio Solution File, Format Version 12.00
# Visual Studio Version 17
VisualStudioVersion = 17.9.34607.119
MinimumVisualStudioVersion = 10.0.40219.1
Project("{FAE04EC0-301F-11D3-BF4B-00C04F79EFBC}") = "RetroBills.Server", "RetroBills.Server\RetroBills.Server.csproj", "{06EBB18A-5CA9-4C3C-B988-0ED0B5D7F49A}"
EndProject
Project("{54A90642-561A-4BB1-A94E-469ADEE60C69}") = "retrobills.client", "retrobills.client\retrobills.client.esproj", "{9E3B9FE0-F1C9-4D4B-9711-E7F222AF46DF}"
EndProject
Global
	GlobalSection(SolutionConfigurationPlatforms) = preSolution
		Debug|Any CPU = Debug|Any CPU
		Release|Any CPU = Release|Any CPU
	EndGlobalSection
	GlobalSection(ProjectConfigurationPlatforms) = postSolution
		{06EBB18A-5CA9-4C3C-B988-0ED0B5D7F49A}.Debug|Any CPU.ActiveCfg = Debug|Any CPU
		{06EBB18A-5CA9-4C3C-B988-0ED0B5D7F49A}.Debug|Any CPU.Build.0 = Debug|Any CPU
		{06EBB18A-5CA9-4C3C-B988-0ED0B5D7F49A}.Release|Any CPU.ActiveCfg = Release|Any CPU
		{06EBB18A-5CA9-4C3C-B988-0ED0B5D7F49A}.Release|Any CPU.Build.0 = Release|Any CPU
		{9E3B9FE0-F1C9-4D4B-9711-E7F222AF46DF}.Debug|Any CPU.ActiveCfg = Debug|Any CPU
		{9E3B9FE0-F1C9-4D4B-9711-E7F222AF46DF}.Debug|Any CPU.Build.0 = Debug|Any CPU
		{9E3B9FE0-F1C9-4D4B-9711-E7F222AF46DF}.Debug|Any CPU.Deploy.0 = Debug|Any CPU
		{9E3B9FE0-F1C9-4D4B-9711-E7F222AF46DF}.Release|Any CPU.ActiveCfg = Release|Any CPU
		{9E3B9FE0-F1C9-4D4B-9711-E7F222AF46DF}.Release|Any CPU.Build.0 = Release|Any CPU
		{9E3B9FE0-F1C9-4D4B-9711-E7F222AF46DF}.Release|Any CPU.Deploy.0 = Release|Any CPU
	EndGlobalSection
	GlobalSection(SolutionProperties) = preSolution
		HideSolutionNode = FALSE
	EndGlobalSection
	GlobalSection(ExtensibilityGlobals) = postSolution
		SolutionGuid = {0176760D-14BA-4586-A179-B6AE0FE021CE}
	EndGlobalSection
EndGlobal
